
Microsoft Visual Studio Solution File, Format Version 12.00
# Visual Studio Version 16
VisualStudioVersion = 16.0.30711.63
MinimumVisualStudioVersion = 10.0.40219.1
Project("{9A19103F-16F7-4668-BE54-9A1E7A4F7556}") = "IUniversity.Common", "IUniversity.Common\IUniversity.Common.csproj", "{2E769131-D02B-4EF0-A096-7B0000304D30}"
EndProject
Project("{9A19103F-16F7-4668-BE54-9A1E7A4F7556}") = "IUniversity.Core", "IUniversity.Core\IUniversity.Core.csproj", "{38E387B0-3629-4A06-B727-D4718F4503E0}"
EndProject
Project("{2150E333-8FDC-42A3-9474-1A3956D46DE8}") = "Solution Items", "Solution Items", "{DB92FC15-697A-44A0-97BF-2A49BFAAC711}"
EndProject
Project("{9A19103F-16F7-4668-BE54-9A1E7A4F7556}") = "IUniversity.WebApi", "IUniversity.WebApi\IUniversity.WebApi.csproj", "{980FE6E0-B3F2-4DF7-9B04-4B7D3E1426F4}"
EndProject
Global
	GlobalSection(SolutionConfigurationPlatforms) = preSolution
		Debug|Any CPU = Debug|Any CPU
		Release|Any CPU = Release|Any CPU
	EndGlobalSection
	GlobalSection(ProjectConfigurationPlatforms) = postSolution
		{2E769131-D02B-4EF0-A096-7B0000304D30}.Debug|Any CPU.ActiveCfg = Debug|Any CPU
		{2E769131-D02B-4EF0-A096-7B0000304D30}.Debug|Any CPU.Build.0 = Debug|Any CPU
		{2E769131-D02B-4EF0-A096-7B0000304D30}.Release|Any CPU.ActiveCfg = Release|Any CPU
		{2E769131-D02B-4EF0-A096-7B0000304D30}.Release|Any CPU.Build.0 = Release|Any CPU
		{38E387B0-3629-4A06-B727-D4718F4503E0}.Debug|Any CPU.ActiveCfg = Debug|Any CPU
		{38E387B0-3629-4A06-B727-D4718F4503E0}.Debug|Any CPU.Build.0 = Debug|Any CPU
		{38E387B0-3629-4A06-B727-D4718F4503E0}.Release|Any CPU.ActiveCfg = Release|Any CPU
		{38E387B0-3629-4A06-B727-D4718F4503E0}.Release|Any CPU.Build.0 = Release|Any CPU
		{980FE6E0-B3F2-4DF7-9B04-4B7D3E1426F4}.Debug|Any CPU.ActiveCfg = Debug|Any CPU
		{980FE6E0-B3F2-4DF7-9B04-4B7D3E1426F4}.Debug|Any CPU.Build.0 = Debug|Any CPU
		{980FE6E0-B3F2-4DF7-9B04-4B7D3E1426F4}.Release|Any CPU.ActiveCfg = Release|Any CPU
		{980FE6E0-B3F2-4DF7-9B04-4B7D3E1426F4}.Release|Any CPU.Build.0 = Release|Any CPU
	EndGlobalSection
	GlobalSection(SolutionProperties) = preSolution
		HideSolutionNode = FALSE
	EndGlobalSection
	GlobalSection(ExtensibilityGlobals) = postSolution
		SolutionGuid = {E8FC7AAD-3A80-4773-BAC7-057A862295E6}
	EndGlobalSection
EndGlobal
